<?xml version="1.0" encoding="utf-8"?>
<Project ToolsVersion="4.0" xmlns="http://schemas.microsoft.com/developer/msbuild/2003">
  <ItemGroup>
    <ClCompile Include="Code\Calculator\Calculator.cpp" />
    <ClCompile Include="Code\Factorials\Factorials.cpp" />
    <ClCompile Include="Tests\Factorials\FactorialTests.cpp" />
    <ClCompile Include="Code\Words\Words.cpp" />
    <ClCompile Include="Code\TicTacToe\TicTacToe.cpp" />
    <ClCompile Include="Code\GildedRose\GildedRose.cpp" />
    <ClCompile Include="Code\SOLID\Student.cpp" />
    <ClCompile Include="Code\SOLID\StudentRepository.cpp" />
    <ClCompile Include="Code\SOLID\StudentService.cpp" />
    <ClCompile Include="Code\SOLID\University.cpp" />
    <ClCompile Include="Code\SOLID\UniversityRepository.cpp" />
    <ClCompile Include="Code\CodingByIntention\HowDidIGetHere.cpp" />
    <ClCompile Include="Tests\GildedRose\GildedRoseTests.cpp" />
    <ClCompile Include="Tests\Approvals\FactorialApprovalTests.cpp" />
    <ClCompile Include="Tests\TDD\TDDTicTacToe.cpp" />
    <ClCompile Include="Tests\Factorials\FactorialWrapper.cpp" />
    <ClCompile Include="Tests\Fixture\FixtureTests.cpp" />
    <ClCompile Include="Code\C\factorial.c" />
    <ClCompile Include="Tests\Mocking\Manual FP\MockingTests_FP.cpp" />
    <ClCompile Include="Tests\Mocking\FFF\MockingTests_FFF.cpp" />
    <ClCompile Include="Code\Factorials\FactorialService.cpp" />
    <ClCompile Include="Tests\Mocking\Manual Mock\TestManualMock.cpp" />
    <ClCompile Include="Tests\Mocking\GMock\TestGMock.cpp" />
    <ClCompile Include="$(MSBuildThisFileDirectory)..\..\lib\native\src\gtest\gtest-all.cc" />
    <ClCompile Include="$(MSBuildThisFileDirectory)..\..\lib\native\src\gmock\gmock-all.cc" />
    <ClCompile Include="Code\Coverage\CalculatorCoverage.h" />
    <ClCompile Include="Tests\Parameteric\FactorialTests.cpp" />
    <ClCompile Include="Tests\Parameteric\ParametericFactorialFixture.h" />
  </ItemGroup>
  <ItemGroup>
    <ClInclude Include="Code\Calculator\Calculator.h" />
    <ClInclude Include="Code\Factorials\Factorials.h" />
    <ClInclude Include="Code\Words\Words.h" />
    <ClInclude Include="Code\TicTacToe\TicTacToe.h" />
    <ClInclude Include="Code\GildedRose\GildedRose.h" />
    <ClInclude Include="Code\GildedRose\Item.h" />
    <ClInclude Include="Code\SOLID\NotImplementedException.h" />
    <ClInclude Include="Code\SOLID\PackageType.h" />
    <ClInclude Include="Code\SOLID\Student.h" />
    <ClInclude Include="Code\SOLID\StudentRepository.h" />
    <ClInclude Include="Code\SOLID\StudentService.h" />
    <ClInclude Include="Code\SOLID\University.h" />
    <ClInclude Include="Code\SOLID\UniversityRepository.h" />
    <ClInclude Include="Code\CodingByIntention\HowDidIGetHere.h" />
    <ClInclude Include="Tests\ApprovalTests.v.10.13.0.hpp" />
    <ClInclude Include="Tests\Fixture\FactorialsFixture.h" />
    <ClInclude Include="Tests\Factorials\FactorialWrapper.h" />
    <ClInclude Include="Tests\Fixture\FixtureTests.h" />
    <ClInclude Include="Tests\fff.h" />
    <ClInclude Include="Tests\Mocking\Manual FP\ManualMockFixture.h" />
    <ClInclude Include="Tests\Mocking\Manual FP\MockingTests_FP.h" />
    <ClInclude Include="Code\Factorials\FactorialService.h" />
    <ClInclude Include="Tests\Mocking\Manual Mock\MockFactorials.h" />
    <ClInclude Include="Tests\Mocking\Manual Mock\TestManualMock.h" />
    <ClInclude Include="Tests\Mocking\GMock\GMockFactorials.h" />
    <ClInclude Include="Code\Coverage\CreditCard.h" />
  </ItemGroup>
  <ItemGroup>
    <Filter Include="libs">
      <UniqueIdentifier>{42b328e9-93fe-4e94-ae9e-3703e6053e80}</UniqueIdentifier>
    </Filter>
  </ItemGroup>
  <ItemGroup>
    <Text Include="Tests\GildedRose\GildedRoseReqs.txt" />
  </ItemGroup>
  <ItemGroup>
    <None Include="packages.config" />
  </ItemGroup>
</Project>